
Microsoft Visual Studio Solution File, Format Version 12.00
# Visual Studio Version 16
VisualStudioVersion = 16.0.33027.164
MinimumVisualStudioVersion = 10.0.40219.1
Project("{FAE04EC0-301F-11D3-BF4B-00C04F79EFBC}") = "Ejercicio_05_Karenia", "Ejercicio_05_Karenia\Ejercicio_05_Karenia.csproj", "{C401A8E5-877D-459E-A0AC-FDD167D68040}"
EndProject
Global
	GlobalSection(SolutionConfigurationPlatforms) = preSolution
		Debug|Any CPU = Debug|Any CPU
		Release|Any CPU = Release|Any CPU
	EndGlobalSection
	GlobalSection(ProjectConfigurationPlatforms) = postSolution
		{C401A8E5-877D-459E-A0AC-FDD167D68040}.Debug|Any CPU.ActiveCfg = Debug|Any CPU
		{C401A8E5-877D-459E-A0AC-FDD167D68040}.Debug|Any CPU.Build.0 = Debug|Any CPU
		{C401A8E5-877D-459E-A0AC-FDD167D68040}.Release|Any CPU.ActiveCfg = Release|Any CPU
		{C401A8E5-877D-459E-A0AC-FDD167D68040}.Release|Any CPU.Build.0 = Release|Any CPU
	EndGlobalSection
	GlobalSection(SolutionProperties) = preSolution
		HideSolutionNode = FALSE
	EndGlobalSection
	GlobalSection(ExtensibilityGlobals) = postSolution
		SolutionGuid = {49936ACE-0625-4E79-B6A3-58170E5F14EA}
	EndGlobalSection
EndGlobal
